<?xml version="1.0" encoding="UTF-8"?>
<CONFIG>
  <ProjectOptions>
    <Version Value="12"/>
    <General>
      <Flags>
        <MainUnitHasCreateFormStatements Value="False"/>
        <CompatibilityMode Value="True"/>
      </Flags>
      <SessionStorage Value="InProjectDir"/>
      <Title Value="led"/>
      <UseAppBundle Value="True"/>
      <ResourceType Value="res"/>
    </General>
    <BuildModes>
      <!-- Release is the default because it is what people run: optimized,
           smart-linked and stripped, which is the difference between a 7 MB
           binary and a 47 MB one.  Debug keeps the symbols. -->
      <Item Name="Release" Default="True"/>
      <Item Name="Debug">
        <CompilerOptions>
          <Version Value="11"/>
          <Target>
            <Filename Value="../bin/led"/>
          </Target>
      <SearchPaths>
        <IncludeFiles Value="$(ProjOutDir);../packages/ledsyn/vendor"/>
        <OtherUnitFiles Value="../packages/ledcore/src;../packages/ledui/src;../packages/ledsyn/src;../packages/ledterm/src;../packages/ledsyn/vendor"/>
        <UnitOutputDirectory Value="../lib/$(TargetCPU)-$(TargetOS)-$(BuildMode)"/>
      </SearchPaths>
      <Parsing>
        <SyntaxOptions>
          <IncludeAssertionCode Value="True"/>
        </SyntaxOptions>
      </Parsing>
          <CodeGeneration>
            <Checks>
              <IOChecks Value="True"/>
              <RangeChecks Value="True"/>
              <OverflowChecks Value="True"/>
              <StackChecks Value="True"/>
            </Checks>
          </CodeGeneration>
          <Linking>
            <Debugging>
              <DebugInfoType Value="dsDwarf3"/>
              <UseHeaptrc Value="True"/>
              <TrashVariables Value="True"/>
            </Debugging>
            <Options>
              <Win32>
                <GraphicApplication Value="True"/>
              </Win32>
            </Options>
          </Linking>
        </CompilerOptions>
      </Item>
    </BuildModes>
    <PublishOptions>
      <Version Value="2"/>
    </PublishOptions>
    <RunParams>
      <FormatVersion Value="2"/>
    </RunParams>
    <RequiredPackages>
      <Item>
        <PackageName Value="anchordocking"/>
      </Item>
      <Item>
        <PackageName Value="TurboPowerIPro"/>
      </Item>
      <Item>
        <PackageName Value="Printer4Lazarus"/>
      </Item>
      <Item>
        <PackageName Value="SynEdit"/>
      </Item>
      <Item>
        <PackageName Value="LCL"/>
      </Item>
    </RequiredPackages>
    <Units>
      <Unit>
        <Filename Value="led.lpr"/>
        <IsPartOfProject Value="True"/>
      </Unit>
      <Unit>
        <Filename Value="../packages/ledui/src/led.ui.main.pas"/>
        <IsPartOfProject Value="True"/>
        <ComponentName Value="LedMainForm"/>
        <HasResources Value="True"/>
        <ResourceBaseClass Value="Form"/>
        <UnitName Value="Led.UI.Main"/>
      </Unit>
      <Unit>
        <Filename Value="../packages/ledui/src/led.ui.bench.pas"/>
        <IsPartOfProject Value="True"/>
        <UnitName Value="Led.UI.Bench"/>
      </Unit>
      <Unit>
        <Filename Value="../packages/ledui/src/led.ui.selftest.pas"/>
        <IsPartOfProject Value="True"/>
        <UnitName Value="Led.UI.SelfTest"/>
      </Unit>
      <Unit>
        <Filename Value="../packages/ledui/src/led.ui.prefs.pas"/>
        <IsPartOfProject Value="True"/>
        <UnitName Value="Led.UI.Prefs"/>
      </Unit>
      <Unit>
        <Filename Value="../packages/ledui/src/led.ui.shortcuts.pas"/>
        <IsPartOfProject Value="True"/>
        <UnitName Value="Led.UI.Shortcuts"/>
      </Unit>
      <Unit>
        <Filename Value="../packages/ledui/src/led.ui.filebrowser.pas"/>
        <IsPartOfProject Value="True"/>
        <UnitName Value="Led.UI.FileBrowser"/>
      </Unit>
      <Unit>
        <Filename Value="../packages/ledui/src/led.ui.find.pas"/>
        <IsPartOfProject Value="True"/>
        <UnitName Value="Led.UI.Find"/>
      </Unit>
      <Unit>
        <Filename Value="../packages/ledui/src/led.ui.commands.pas"/>
        <IsPartOfProject Value="True"/>
        <UnitName Value="Led.UI.Commands"/>
      </Unit>
      <Unit>
        <Filename Value="../packages/ledui/src/led.ui.dock.pas"/>
        <IsPartOfProject Value="True"/>
        <UnitName Value="Led.UI.Dock"/>
      </Unit>
      <Unit>
        <Filename Value="../packages/ledui/src/led.ui.document.pas"/>
        <IsPartOfProject Value="True"/>
        <UnitName Value="Led.UI.Document"/>
      </Unit>
      <Unit>
        <Filename Value="../packages/ledui/src/led.ui.tab.pas"/>
        <IsPartOfProject Value="True"/>
        <UnitName Value="Led.UI.Tab"/>
      </Unit>
      <Unit>
        <Filename Value="../packages/ledui/src/led.ui.focus.pas"/>
        <IsPartOfProject Value="True"/>
        <UnitName Value="Led.UI.Focus"/>
      </Unit>
      <Unit>
        <Filename Value="../packages/ledui/src/led.ui.icons.pas"/>
        <IsPartOfProject Value="True"/>
        <UnitName Value="Led.UI.Icons"/>
      </Unit>
      <Unit>
        <Filename Value="../packages/ledui/src/led.ui.edit.pas"/>
        <IsPartOfProject Value="True"/>
        <UnitName Value="Led.UI.Edit"/>
      </Unit>
      <Unit>
        <Filename Value="../packages/ledcore/src/led.core.types.pas"/>
        <IsPartOfProject Value="True"/>
        <UnitName Value="Led.Core.Types"/>
      </Unit>
      <Unit>
        <Filename Value="../packages/ledsyn/src/led.syn.languages.pas"/>
        <IsPartOfProject Value="True"/>
        <UnitName Value="Led.Syn.Languages"/>
      </Unit>
      <Unit>
        <Filename Value="../packages/ledsyn/src/led.syn.theme.pas"/>
        <IsPartOfProject Value="True"/>
        <UnitName Value="Led.Syn.Theme"/>
      </Unit>
      <Unit>
        <Filename Value="../packages/ledsyn/src/led.syn.factory.pas"/>
        <IsPartOfProject Value="True"/>
        <UnitName Value="Led.Syn.Factory"/>
      </Unit>
      <Unit>
        <Filename Value="../packages/ledcore/src/led.core.cli.pas"/>
        <IsPartOfProject Value="True"/>
        <UnitName Value="Led.Core.CLI"/>
      </Unit>
      <Unit>
        <Filename Value="../packages/ledcore/src/led.core.instance.pas"/>
        <IsPartOfProject Value="True"/>
        <UnitName Value="Led.Core.Instance"/>
      </Unit>
      <Unit>
        <Filename Value="../packages/ledcore/src/led.core.tools.pas"/>
        <IsPartOfProject Value="True"/>
        <UnitName Value="Led.Core.Tools"/>
      </Unit>
      <Unit>
        <Filename Value="../packages/ledcore/src/led.core.outputfilter.pas"/>
        <IsPartOfProject Value="True"/>
        <UnitName Value="Led.Core.OutputFilter"/>
      </Unit>
      <Unit>
        <Filename Value="../packages/ledui/src/led.ui.output.pas"/>
        <IsPartOfProject Value="True"/>
        <UnitName Value="Led.UI.Output"/>
      </Unit>
      <Unit>
        <Filename Value="../packages/ledui/src/led.ui.toolrunner.pas"/>
        <IsPartOfProject Value="True"/>
        <UnitName Value="Led.UI.ToolRunner"/>
      </Unit>
      <Unit>
        <Filename Value="../packages/ledcore/src/led.core.grep.pas"/>
        <IsPartOfProject Value="True"/>
        <UnitName Value="Led.Core.Grep"/>
      </Unit>
      <Unit>
        <Filename Value="../packages/ledui/src/led.ui.grep.pas"/>
        <IsPartOfProject Value="True"/>
        <UnitName Value="Led.UI.Grep"/>
      </Unit>
      <Unit>
        <Filename Value="../packages/ledterm/src/led.term.pty.pas"/>
        <IsPartOfProject Value="True"/>
        <UnitName Value="Led.Term.Pty"/>
      </Unit>
      <Unit>
        <Filename Value="../packages/ledterm/src/led.term.screen.pas"/>
        <IsPartOfProject Value="True"/>
        <UnitName Value="Led.Term.Screen"/>
      </Unit>
      <Unit>
        <Filename Value="../packages/ledterm/src/led.term.pane.pas"/>
        <IsPartOfProject Value="True"/>
        <UnitName Value="Led.Term.Pane"/>
      </Unit>
      <Unit>
        <Filename Value="../packages/ledterm/src/led.term.view.pas"/>
        <IsPartOfProject Value="True"/>
        <UnitName Value="Led.Term.View"/>
      </Unit>
      <Unit>
        <Filename Value="../packages/ledcore/src/led.core.ctags.pas"/>
        <IsPartOfProject Value="True"/>
        <UnitName Value="Led.Core.Ctags"/>
      </Unit>
      <Unit>
        <Filename Value="../packages/ledui/src/led.ui.symbols.pas"/>
        <IsPartOfProject Value="True"/>
        <UnitName Value="Led.UI.Symbols"/>
      </Unit>
      <Unit>
        <Filename Value="../packages/ledcore/src/led.core.markdown.pas"/>
        <IsPartOfProject Value="True"/>
        <UnitName Value="Led.Core.Markdown"/>
      </Unit>
      <Unit>
        <Filename Value="../packages/ledui/src/led.ui.print.pas"/>
        <IsPartOfProject Value="True"/>
        <UnitName Value="Led.UI.Print"/>
      </Unit>
      <Unit>
        <Filename Value="../packages/ledui/src/led.ui.preview.pas"/>
        <IsPartOfProject Value="True"/>
        <UnitName Value="Led.UI.Preview"/>
      </Unit>
      <Unit>
        <Filename Value="../packages/ledcore/src/led.core.paths.pas"/>
        <IsPartOfProject Value="True"/>
        <UnitName Value="Led.Core.Paths"/>
      </Unit>
      <Unit>
        <Filename Value="../packages/ledcore/src/led.core.prefs.pas"/>
        <IsPartOfProject Value="True"/>
        <UnitName Value="Led.Core.Prefs"/>
      </Unit>
      <Unit>
        <Filename Value="../packages/ledcore/src/led.core.session.pas"/>
        <IsPartOfProject Value="True"/>
        <UnitName Value="Led.Core.Session"/>
      </Unit>
      <Unit>
        <Filename Value="../packages/ledcore/src/led.core.filters.pas"/>
        <IsPartOfProject Value="True"/>
        <UnitName Value="Led.Core.Filters"/>
      </Unit>
      <Unit>
        <Filename Value="../packages/ledcore/src/led.core.config.pas"/>
        <IsPartOfProject Value="True"/>
        <UnitName Value="Led.Core.Config"/>
      </Unit>
      <Unit>
        <Filename Value="../packages/ledcore/src/led.core.modeline.pas"/>
        <IsPartOfProject Value="True"/>
        <UnitName Value="Led.Core.Modeline"/>
      </Unit>
      <Unit>
        <Filename Value="../packages/ledcore/src/led.core.encodings.pas"/>
        <IsPartOfProject Value="True"/>
        <UnitName Value="Led.Core.Encodings"/>
      </Unit>
      <Unit>
        <Filename Value="../packages/ledcore/src/led.core.fileio.pas"/>
        <IsPartOfProject Value="True"/>
        <UnitName Value="Led.Core.FileIO"/>
      </Unit>
    </Units>
  </ProjectOptions>
  <CompilerOptions>
    <Version Value="11"/>
    <Target>
      <Filename Value="../bin/led"/>
    </Target>
    <SearchPaths>
      <IncludeFiles Value="$(ProjOutDir);../packages/ledsyn/vendor"/>
      <OtherUnitFiles Value="../packages/ledcore/src;../packages/ledui/src;../packages/ledsyn/src;../packages/ledterm/src;../packages/ledsyn/vendor"/>
      <UnitOutputDirectory Value="../lib/$(TargetCPU)-$(TargetOS)-$(BuildMode)"/>
    </SearchPaths>
    <Parsing>
      <SyntaxOptions>
        <IncludeAssertionCode Value="True"/>
      </SyntaxOptions>
    </Parsing>
    <CodeGeneration>
      <SmartLinkUnit Value="True"/>
      <Optimizations>
        <OptimizationLevel Value="2"/>
      </Optimizations>
    </CodeGeneration>
    <Linking>
      <Debugging>
        <GenerateDebugInfo Value="False"/>
        <DebugInfoType Value="dsAuto"/>
        <UseLineInfoUnit Value="False"/>
        <StripSymbols Value="True"/>
      </Debugging>
      <LinkSmart Value="True"/>
      <Options>
        <Win32>
          <GraphicApplication Value="True"/>
        </Win32>
      </Options>
    </Linking>
  </CompilerOptions>
</CONFIG>
